{
  "requires": true,
  "lockfileVersion": 1,
  "dependencies": {
    "bats": {
      "version": "1.5.0",
      "resolved": "https://registry.npmjs.org/bats/-/bats-1.5.0.tgz",
      "integrity": "sha512-83YgQw24Yi2c1ctB0Vd7WCsACUMSWuEtOboxQZyFQYfiv9hDMW7nk7bdloqGLg3vK5pOODCBGBQjhvRmHKsJuA=="
    }
  }
}
